// !$*UTF8*$!
{
	archiveVersion = 1;
	classes = {
	};
	objectVersion = 50;
	objects = {

/* Begin PBXBuildFile section */
		54087C742C1547D0002A0DF3 /* kursachApp.swift in Sources */ = {isa = PBXBuildFile; fileRef = 54087C732C1547D0002A0DF3 /* kursachApp.swift */; };
		54087C762C1547D0002A0DF3 /* ContentView.swift in Sources */ = {isa = PBXBuildFile; fileRef = 54087C752C1547D0002A0DF3 /* ContentView.swift */; };
		54087C782C1547D1002A0DF3 /* Assets.xcassets in Resources */ = {isa = PBXBuildFile; fileRef = 54087C772C1547D1002A0DF3 /* Assets.xcassets */; };
		54087C7B2C1547D1002A0DF3 /* Preview Assets.xcassets in Resources */ = {isa = PBXBuildFile; fileRef = 54087C7A2C1547D1002A0DF3 /* Preview Assets.xcassets */; };
		54087C862C1547D2002A0DF3 /* kursachTests.swift in Sources */ = {isa = PBXBuildFile; fileRef = 54087C852C1547D2002A0DF3 /* kursachTests.swift */; };
		54087C912C1547D2002A0DF3 /* kursachUITests.swift in Sources */ = {isa = PBXBuildFile; fileRef = 54087C902C1547D2002A0DF3 /* kursachUITests.swift */; };
		544618D02C1A448100978762 /* PPTXRestAPI.swift in Sources */ = {isa = PBXBuildFile; fileRef = 544618CF2C1A448100978762 /* PPTXRestAPI.swift */; };
		544891562C1B522D001BDFB9 /* RestAPI.swift in Sources */ = {isa = PBXBuildFile; fileRef = 544891552C1B522D001BDFB9 /* RestAPI.swift */; };
/* End PBXBuildFile section */

/* Begin PBXContainerItemProxy section */
		54087C822C1547D2002A0DF3 /* PBXContainerItemProxy */ = {
			isa = PBXContainerItemProxy;
			containerPortal = 54087C682C1547D0002A0DF3 /* Project object */;
			proxyType = 1;
			remoteGlobalIDString = 54087C6F2C1547D0002A0DF3;
			remoteInfo = kursach;
		};
		54087C8D2C1547D2002A0DF3 /* PBXContainerItemProxy */ = {
			isa = PBXContainerItemProxy;
			containerPortal = 54087C682C1547D0002A0DF3 /* Project object */;
			proxyType = 1;
			remoteGlobalIDString = 54087C6F2C1547D0002A0DF3;
			remoteInfo = kursach;
		};
/* End PBXContainerItemProxy section */

/* Begin PBXFileReference section */
		54087C702C1547D0002A0DF3 /* kursach.app */ = {isa = PBXFileReference; explicitFileType = wrapper.application; includeInIndex = 0; path = kursach.app; sourceTree = BUILT_PRODUCTS_DIR; };
		54087C732C1547D0002A0DF3 /* kursachApp.swift */ = {isa = PBXFileReference; lastKnownFileType = sourcecode.swift; path = kursachApp.swift; sourceTree = "<group>"; };
		54087C752C1547D0002A0DF3 /* ContentView.swift */ = {isa = PBXFileReference; lastKnownFileType = sourcecode.swift; path = ContentView.swift; sourceTree = "<group>"; };
		54087C772C1547D1002A0DF3 /* Assets.xcassets */ = {isa = PBXFileReference; lastKnownFileType = folder.assetcatalog; path = Assets.xcassets; sourceTree = "<group>"; };
		54087C7A2C1547D1002A0DF3 /* Preview Assets.xcassets */ = {isa = PBXFileReference; lastKnownFileType = folder.assetcatalog; path = "Preview Assets.xcassets"; sourceTree = "<group>"; };
		54087C7C2C1547D1002A0DF3 /* Info.plist */ = {isa = PBXFileReference; lastKnownFileType = text.plist.xml; path = Info.plist; sourceTree = "<group>"; };
		54087C812C1547D2002A0DF3 /* kursachTests.xctest */ = {isa = PBXFileReference; explicitFileType = wrapper.cfbundle; includeInIndex = 0; path = kursachTests.xctest; sourceTree = BUILT_PRODUCTS_DIR; };
		54087C852C1547D2002A0DF3 /* kursachTests.swift */ = {isa = PBXFileReference; lastKnownFileType = sourcecode.swift; path = kursachTests.swift; sourceTree = "<group>"; };
		54087C872C1547D2002A0DF3 /* Info.plist */ = {isa = PBXFileReference; lastKnownFileType = text.plist.xml; path = Info.plist; sourceTree = "<group>"; };
		54087C8C2C1547D2002A0DF3 /* kursachUITests.xctest */ = {isa = PBXFileReference; explicitFileType = wrapper.cfbundle; includeInIndex = 0; path = kursachUITests.xctest; sourceTree = BUILT_PRODUCTS_DIR; };
		54087C902C1547D2002A0DF3 /* kursachUITests.swift */ = {isa = PBXFileReference; lastKnownFileType = sourcecode.swift; path = kursachUITests.swift; sourceTree = "<group>"; };
		54087C922C1547D2002A0DF3 /* Info.plist */ = {isa = PBXFileReference; lastKnownFileType = text.plist.xml; path = Info.plist; sourceTree = "<group>"; };
		544618CF2C1A448100978762 /* PPTXRestAPI.swift */ = {isa = PBXFileReference; lastKnownFileType = sourcecode.swift; path = PPTXRestAPI.swift; sourceTree = "<group>"; };
		544891552C1B522D001BDFB9 /* RestAPI.swift */ = {isa = PBXFileReference; lastKnownFileType = sourcecode.swift; path = RestAPI.swift; sourceTree = "<group>"; };
/* End PBXFileReference section */

/* Begin PBXFrameworksBuildPhase section */
		54087C6D2C1547D0002A0DF3 /* Frameworks */ = {
			isa = PBXFrameworksBuildPhase;
			buildActionMask = 2147483647;
			files = (
			);
			runOnlyForDeploymentPostprocessing = 0;
		};
		54087C7E2C1547D2002A0DF3 /* Frameworks */ = {
			isa = PBXFrameworksBuildPhase;
			buildActionMask = 2147483647;
			files = (
			);
			runOnlyForDeploymentPostprocessing = 0;
		};
		54087C892C1547D2002A0DF3 /* Frameworks */ = {
			isa = PBXFrameworksBuildPhase;
			buildActionMask = 2147483647;
			files = (
			);
			runOnlyForDeploymentPostprocessing = 0;
		};
/* End PBXFrameworksBuildPhase section */

/* Begin PBXGroup section */
		54087C672C1547D0002A0DF3 = {
			isa = PBXGroup;
			children = (
				54087C722C1547D0002A0DF3 /* kursach */,
				54087C842C1547D2002A0DF3 /* kursachTests */,
				54087C8F2C1547D2002A0DF3 /* kursachUITests */,
				54087C712C1547D0002A0DF3 /* Products */,
			);
			sourceTree = "<group>";
		};
		54087C712C1547D0002A0DF3 /* Products */ = {
			isa = PBXGroup;
			children = (
				54087C702C1547D0002A0DF3 /* kursach.app */,
				54087C812C1547D2002A0DF3 /* kursachTests.xctest */,
				54087C8C2C1547D2002A0DF3 /* kursachUITests.xctest */,
			);
			name = Products;
			sourceTree = "<group>";
		};
		54087C722C1547D0002A0DF3 /* kursach */ = {
			isa = PBXGroup;
			children = (
				54087C732C1547D0002A0DF3 /* kursachApp.swift */,
				54087C752C1547D0002A0DF3 /* ContentView.swift */,
				54087C772C1547D1002A0DF3 /* Assets.xcassets */,
				54087C7C2C1547D1002A0DF3 /* Info.plist */,
				54087C792C1547D1002A0DF3 /* Preview Content */,
				544618CF2C1A448100978762 /* PPTXRestAPI.swift */,
				544891552C1B522D001BDFB9 /* RestAPI.swift */,
			);
			path = kursach;
			sourceTree = "<group>";
		};
		54087C792C1547D1002A0DF3 /* Preview Content */ = {
			isa = PBXGroup;
			children = (
				54087C7A2C1547D1002A0DF3 /* Preview Assets.xcassets */,
			);
			path = "Preview Content";
			sourceTree = "<group>";
		};
		54087C842C1547D2002A0DF3 /* kursachTests */ = {
			isa = PBXGroup;
			children = (
				54087C852C1547D2002A0DF3 /* kursachTests.swift */,
				54087C872C1547D2002A0DF3 /* Info.plist */,
			);
			path = kursachTests;
			sourceTree = "<group>";
		};
		54087C8F2C1547D2002A0DF3 /* kursachUITests */ = {
			isa = PBXGroup;
			children = (
				54087C902C1547D2002A0DF3 /* kursachUITests.swift */,
				54087C922C1547D2002A0DF3 /* Info.plist */,
			);
			path = kursachUITests;
			sourceTree = "<group>";
		};
/* End PBXGroup section */

/* Begin PBXNativeTarget section */
		54087C6F2C1547D0002A0DF3 /* kursach */ = {
			isa = PBXNativeTarget;
			buildConfigurationList = 54087C952C1547D2002A0DF3 /* Build configuration list for PBXNativeTarget "kursach" */;
			buildPhases = (
				54087C6C2C1547D0002A0DF3 /* Sources */,
				54087C6D2C1547D0002A0DF3 /* Frameworks */,
				54087C6E2C1547D0002A0DF3 /* Resources */,
			);
			buildRules = (
			);
			dependencies = (
			);
			name = kursach;
			productName = kursach;
			productReference = 54087C702C1547D0002A0DF3 /* kursach.app */;
			productType = "com.apple.product-type.application";
		};
		54087C802C1547D2002A0DF3 /* kursachTests */ = {
			isa = PBXNativeTarget;
			buildConfigurationList = 54087C982C1547D2002A0DF3 /* Build configuration list for PBXNativeTarget "kursachTests" */;
			buildPhases = (
				54087C7D2C1547D2002A0DF3 /* Sources */,
				54087C7E2C1547D2002A0DF3 /* Frameworks */,
				54087C7F2C1547D2002A0DF3 /* Resources */,
			);
			buildRules = (
			);
			dependencies = (
				54087C832C1547D2002A0DF3 /* PBXTargetDependency */,
			);
			name = kursachTests;
			productName = kursachTests;
			productReference = 54087C812C1547D2002A0DF3 /* kursachTests.xctest */;
			productType = "com.apple.product-type.bundle.unit-test";
		};
		54087C8B2C1547D2002A0DF3 /* kursachUITests */ = {
			isa = PBXNativeTarget;
			buildConfigurationList = 54087C9B2C1547D2002A0DF3 /* Build configuration list for PBXNativeTarget "kursachUITests" */;
			buildPhases = (
				54087C882C1547D2002A0DF3 /* Sources */,
				54087C892C1547D2002A0DF3 /* Frameworks */,
				54087C8A2C1547D2002A0DF3 /* Resources */,
			);
			buildRules = (
			);
			dependencies = (
				54087C8E2C1547D2002A0DF3 /* PBXTargetDependency */,
			);
			name = kursachUITests;
			productName = kursachUITests;
			productReference = 54087C8C2C1547D2002A0DF3 /* kursachUITests.xctest */;
			productType = "com.apple.product-type.bundle.ui-testing";
		};
/* End PBXNativeTarget section */

/* Begin PBXProject section */
		54087C682C1547D0002A0DF3 /* Project object */ = {
			isa = PBXProject;
			attributes = {
				LastSwiftUpdateCheck = 1240;
				LastUpgradeCheck = 1240;
				TargetAttributes = {
					54087C6F2C1547D0002A0DF3 = {
						CreatedOnToolsVersion = 12.4;
					};
					54087C802C1547D2002A0DF3 = {
						CreatedOnToolsVersion = 12.4;
						TestTargetID = 54087C6F2C1547D0002A0DF3;
					};
					54087C8B2C1547D2002A0DF3 = {
						CreatedOnToolsVersion = 12.4;
						TestTargetID = 54087C6F2C1547D0002A0DF3;
					};
				};
			};
			buildConfigurationList = 54087C6B2C1547D0002A0DF3 /* Build configuration list for PBXProject "kursach" */;
			compatibilityVersion = "Xcode 9.3";
			developmentRegion = en;
			hasScannedForEncodings = 0;
			knownRegions = (
				en,
				Base,
			);
			mainGroup = 54087C672C1547D0002A0DF3;
			productRefGroup = 54087C712C1547D0002A0DF3 /* Products */;
			projectDirPath = "";
			projectRoot = "";
			targets = (
				54087C6F2C1547D0002A0DF3 /* kursach */,
				54087C802C1547D2002A0DF3 /* kursachTests */,
				54087C8B2C1547D2002A0DF3 /* kursachUITests */,
			);
		};
/* End PBXProject section */

/* Begin PBXResourcesBuildPhase section */
		54087C6E2C1547D0002A0DF3 /* Resources */ = {
			isa = PBXResourcesBuildPhase;
			buildActionMask = 2147483647;
			files = (
				54087C7B2C1547D1002A0DF3 /* Preview Assets.xcassets in Resources */,
				54087C782C1547D1002A0DF3 /* Assets.xcassets in Resources */,
			);
			runOnlyForDeploymentPostprocessing = 0;
		};
		54087C7F2C1547D2002A0DF3 /* Resources */ = {
			isa = PBXResourcesBuildPhase;
			buildActionMask = 2147483647;
			files = (
			);
			runOnlyForDeploymentPostprocessing = 0;
		};
		54087C8A2C1547D2002A0DF3 /* Resources */ = {
			isa = PBXResourcesBuildPhase;
			buildActionMask = 2147483647;
			files = (
			);
			runOnlyForDeploymentPostprocessing = 0;
		};
/* End PBXResourcesBuildPhase section */

/* Begin PBXSourcesBuildPhase section */
		54087C6C2C1547D0002A0DF3 /* Sources */ = {
			isa = PBXSourcesBuildPhase;
			buildActionMask = 2147483647;
			files = (
				544891562C1B522D001BDFB9 /* RestAPI.swift in Sources */,
				544618D02C1A448100978762 /* PPTXRestAPI.swift in Sources */,
				54087C762C1547D0002A0DF3 /* ContentView.swift in Sources */,
				54087C742C1547D0002A0DF3 /* kursachApp.swift in Sources */,
			);
			runOnlyForDeploymentPostprocessing = 0;
		};
		54087C7D2C1547D2002A0DF3 /* Sources */ = {
			isa = PBXSourcesBuildPhase;
			buildActionMask = 2147483647;
			files = (
				54087C862C1547D2002A0DF3 /* kursachTests.swift in Sources */,
			);
			runOnlyForDeploymentPostprocessing = 0;
		};
		54087C882C1547D2002A0DF3 /* Sources */ = {
			isa = PBXSourcesBuildPhase;
			buildActionMask = 2147483647;
			files = (
				54087C912C1547D2002A0DF3 /* kursachUITests.swift in Sources */,
			);
			runOnlyForDeploymentPostprocessing = 0;
		};
/* End PBXSourcesBuildPhase section */

/* Begin PBXTargetDependency section */
		54087C832C1547D2002A0DF3 /* PBXTargetDependency */ = {
			isa = PBXTargetDependency;
			target = 54087C6F2C1547D0002A0DF3 /* kursach */;
			targetProxy = 54087C822C1547D2002A0DF3 /* PBXContainerItemProxy */;
		};
		54087C8E2C1547D2002A0DF3 /* PBXTargetDependency */ = {
			isa = PBXTargetDependency;
			target = 54087C6F2C1547D0002A0DF3 /* kursach */;
			targetProxy = 54087C8D2C1547D2002A0DF3 /* PBXContainerItemProxy */;
		};
/* End PBXTargetDependency section */

/* Begin XCBuildConfiguration section */
		54087C932C1547D2002A0DF3 /* Debug */ = {
			isa = XCBuildConfiguration;
			buildSettings = {
				ALWAYS_SEARCH_USER_PATHS = NO;
				CLANG_ANALYZER_NONNULL = YES;
				CLANG_ANALYZER_NUMBER_OBJECT_CONVERSION = YES_AGGRESSIVE;
				CLANG_CXX_LANGUAGE_STANDARD = "gnu++14";
				CLANG_CXX_LIBRARY = "libc++";
				CLANG_ENABLE_MODULES = YES;
				CLANG_ENABLE_OBJC_ARC = YES;
				CLANG_ENABLE_OBJC_WEAK = YES;
				CLANG_WARN_BLOCK_CAPTURE_AUTORELEASING = YES;
				CLANG_WARN_BOOL_CONVERSION = YES;
				CLANG_WARN_COMMA = YES;
				CLANG_WARN_CONSTANT_CONVERSION = YES;
				CLANG_WARN_DEPRECATED_OBJC_IMPLEMENTATIONS = YES;
				CLANG_WARN_DIRECT_OBJC_ISA_USAGE = YES_ERROR;
				CLANG_WARN_DOCUMENTATION_COMMENTS = YES;
				CLANG_WARN_EMPTY_BODY = YES;
				CLANG_WARN_ENUM_CONVERSION = YES;
				CLANG_WARN_INFINITE_RECURSION = YES;
				CLANG_WARN_INT_CONVERSION = YES;
				CLANG_WARN_NON_LITERAL_NULL_CONVERSION = YES;
				CLANG_WARN_OBJC_IMPLICIT_RETAIN_SELF = YES;
				CLANG_WARN_OBJC_LITERAL_CONVERSION = YES;
				CLANG_WARN_OBJC_ROOT_CLASS = YES_ERROR;
				CLANG_WARN_QUOTED_INCLUDE_IN_FRAMEWORK_HEADER = YES;
				CLANG_WARN_RANGE_LOOP_ANALYSIS = YES;
				CLANG_WARN_STRICT_PROTOTYPES = YES;
				CLANG_WARN_SUSPICIOUS_MOVE = YES;
				CLANG_WARN_UNGUARDED_AVAILABILITY = YES_AGGRESSIVE;
				CLANG_WARN_UNREACHABLE_CODE = YES;
				CLANG_WARN__DUPLICATE_METHOD_MATCH = YES;
				COPY_PHASE_STRIP = NO;
				DEBUG_INFORMATION_FORMAT = dwarf;
				ENABLE_STRICT_OBJC_MSGSEND = YES;
				ENABLE_TESTABILITY = YES;
				GCC_C_LANGUAGE_STANDARD = gnu11;
				GCC_DYNAMIC_NO_PIC = NO;
				GCC_NO_COMMON_BLOCKS = YES;
				GCC_OPTIMIZATION_LEVEL = 0;
				GCC_PREPROCESSOR_DEFINITIONS = (
					"DEBUG=1",
					"$(inherited)",
				);
				GCC_WARN_64_TO_32_BIT_CONVERSION = YES;
				GCC_WARN_ABOUT_RETURN_TYPE = YES_ERROR;
				GCC_WARN_UNDECLARED_SELECTOR = YES;
				GCC_WARN_UNINITIALIZED_AUTOS = YES_AGGRESSIVE;
				GCC_WARN_UNUSED_FUNCTION = YES;
				GCC_WARN_UNUSED_VARIABLE = YES;
				IPHONEOS_DEPLOYMENT_TARGET = 14.4;
				MTL_ENABLE_DEBUG_INFO = INCLUDE_SOURCE;
				MTL_FAST_MATH = YES;
				ONLY_ACTIVE_ARCH = YES;
				SDKROOT = iphoneos;
				SWIFT_ACTIVE_COMPILATION_CONDITIONS = DEBUG;
				SWIFT_OPTIMIZATION_LEVEL = "-Onone";
			};
			name = Debug;
		};
		54087C942C1547D2002A0DF3 /* Release */ = {
			isa = XCBuildConfiguration;
			buildSettings = {
				ALWAYS_SEARCH_USER_PATHS = NO;
				CLANG_ANALYZER_NONNULL = YES;
				CLANG_ANALYZER_NUMBER_OBJECT_CONVERSION = YES_AGGRESSIVE;
				CLANG_CXX_LANGUAGE_STANDARD = "gnu++14";
				CLANG_CXX_LIBRARY = "libc++";
				CLANG_ENABLE_MODULES = YES;
				CLANG_ENABLE_OBJC_ARC = YES;
				CLANG_ENABLE_OBJC_WEAK = YES;
				CLANG_WARN_BLOCK_CAPTURE_AUTORELEASING = YES;
				CLANG_WARN_BOOL_CONVERSION = YES;
				CLANG_WARN_COMMA = YES;
				CLANG_WARN_CONSTANT_CONVERSION = YES;
				CLANG_WARN_DEPRECATED_OBJC_IMPLEMENTATIONS = YES;
				CLANG_WARN_DIRECT_OBJC_ISA_USAGE = YES_ERROR;
				CLANG_WARN_DOCUMENTATION_COMMENTS = YES;
				CLANG_WARN_EMPTY_BODY = YES;
				CLANG_WARN_ENUM_CONVERSION = YES;
				CLANG_WARN_INFINITE_RECURSION = YES;
				CLANG_WARN_INT_CONVERSION = YES;
				CLANG_WARN_NON_LITERAL_NULL_CONVERSION = YES;
				CLANG_WARN_OBJC_IMPLICIT_RETAIN_SELF = YES;
				CLANG_WARN_OBJC_LITERAL_CONVERSION = YES;
				CLANG_WARN_OBJC_ROOT_CLASS = YES_ERROR;
				CLANG_WARN_QUOTED_INCLUDE_IN_FRAMEWORK_HEADER = YES;
				CLANG_WARN_RANGE_LOOP_ANALYSIS = YES;
				CLANG_WARN_STRICT_PROTOTYPES = YES;
				CLANG_WARN_SUSPICIOUS_MOVE = YES;
				CLANG_WARN_UNGUARDED_AVAILABILITY = YES_AGGRESSIVE;
				CLANG_WARN_UNREACHABLE_CODE = YES;
				CLANG_WARN__DUPLICATE_METHOD_MATCH = YES;
				COPY_PHASE_STRIP = NO;
				DEBUG_INFORMATION_FORMAT = "dwarf-with-dsym";
				ENABLE_NS_ASSERTIONS = NO;
				ENABLE_STRICT_OBJC_MSGSEND = YES;
				GCC_C_LANGUAGE_STANDARD = gnu11;
				GCC_NO_COMMON_BLOCKS = YES;
				GCC_WARN_64_TO_32_BIT_CONVERSION = YES;
				GCC_WARN_ABOUT_RETURN_TYPE = YES_ERROR;
				GCC_WARN_UNDECLARED_SELECTOR = YES;
				GCC_WARN_UNINITIALIZED_AUTOS = YES_AGGRESSIVE;
				GCC_WARN_UNUSED_FUNCTION = YES;
				GCC_WARN_UNUSED_VARIABLE = YES;
				IPHONEOS_DEPLOYMENT_TARGET = 14.4;
				MTL_ENABLE_DEBUG_INFO = NO;
				MTL_FAST_MATH = YES;
				SDKROOT = iphoneos;
				SWIFT_COMPILATION_MODE = wholemodule;
				SWIFT_OPTIMIZATION_LEVEL = "-O";
				VALIDATE_PRODUCT = YES;
			};
			name = Release;
		};
		54087C962C1547D2002A0DF3 /* Debug */ = {
			isa = XCBuildConfiguration;
			buildSettings = {
				ASSETCATALOG_COMPILER_APPICON_NAME = AppIcon;
				ASSETCATALOG_COMPILER_GLOBAL_ACCENT_COLOR_NAME = AccentColor;
				CODE_SIGN_STYLE = Automatic;
				DEVELOPMENT_ASSET_PATHS = "\"kursach/Preview Content\"";
				ENABLE_PREVIEWS = YES;
				INFOPLIST_FILE = kursach/Info.plist;
				IPHONEOS_DEPLOYMENT_TARGET = 14.0;
				LD_RUNPATH_SEARCH_PATHS = (
					"$(inherited)",
					"@executable_path/Frameworks",
				);
				PRODUCT_BUNDLE_IDENTIFIER = lss.kursach;
				PRODUCT_NAME = "$(TARGET_NAME)";
				SWIFT_VERSION = 5.0;
				TARGETED_DEVICE_FAMILY = "1,2";
			};
			name = Debug;
		};
		54087C972C1547D2002A0DF3 /* Release */ = {
			isa = XCBuildConfiguration;
			buildSettings = {
				ASSETCATALOG_COMPILER_APPICON_NAME = AppIcon;
				ASSETCATALOG_COMPILER_GLOBAL_ACCENT_COLOR_NAME = AccentColor;
				CODE_SIGN_STYLE = Automatic;
				DEVELOPMENT_ASSET_PATHS = "\"kursach/Preview Content\"";
				ENABLE_PREVIEWS = YES;
				INFOPLIST_FILE = kursach/Info.plist;
				IPHONEOS_DEPLOYMENT_TARGET = 14.0;
				LD_RUNPATH_SEARCH_PATHS = (
					"$(inherited)",
					"@executable_path/Frameworks",
				);
				PRODUCT_BUNDLE_IDENTIFIER = lss.kursach;
				PRODUCT_NAME = "$(TARGET_NAME)";
				SWIFT_VERSION = 5.0;
				TARGETED_DEVICE_FAMILY = "1,2";
			};
			name = Release;
		};
		54087C992C1547D2002A0DF3 /* Debug */ = {
			isa = XCBuildConfiguration;
			buildSettings = {
				ALWAYS_EMBED_SWIFT_STANDARD_LIBRARIES = YES;
				BUNDLE_LOADER = "$(TEST_HOST)";
				CODE_SIGN_STYLE = Automatic;
				INFOPLIST_FILE = kursachTests/Info.plist;
				IPHONEOS_DEPLOYMENT_TARGET = 14.0;
				LD_RUNPATH_SEARCH_PATHS = (
					"$(inherited)",
					"@executable_path/Frameworks",
					"@loader_path/Frameworks",
				);
				PRODUCT_BUNDLE_IDENTIFIER = lss.kursachTests;
				PRODUCT_NAME = "$(TARGET_NAME)";
				SWIFT_VERSION = 5.0;
				TARGETED_DEVICE_FAMILY = "1,2";
				TEST_HOST = "$(BUILT_PRODUCTS_DIR)/kursach.app/kursach";
			};
			name = Debug;
		};
		54087C9A2C1547D2002A0DF3 /* Release */ = {
			isa = XCBuildConfiguration;
			buildSettings = {
				ALWAYS_EMBED_SWIFT_STANDARD_LIBRARIES = YES;
				BUNDLE_LOADER = "$(TEST_HOST)";
				CODE_SIGN_STYLE = Automatic;
				INFOPLIST_FILE = kursachTests/Info.plist;
				IPHONEOS_DEPLOYMENT_TARGET = 14.0;
				LD_RUNPATH_SEARCH_PATHS = (
					"$(inherited)",
					"@executable_path/Frameworks",
					"@loader_path/Frameworks",
				);
				PRODUCT_BUNDLE_IDENTIFIER = lss.kursachTests;
				PRODUCT_NAME = "$(TARGET_NAME)";
				SWIFT_VERSION = 5.0;
				TARGETED_DEVICE_FAMILY = "1,2";
				TEST_HOST = "$(BUILT_PRODUCTS_DIR)/kursach.app/kursach";
			};
			name = Release;
		};
		54087C9C2C1547D2002A0DF3 /* Debug */ = {
			isa = XCBuildConfiguration;
			buildSettings = {
				ALWAYS_EMBED_SWIFT_STANDARD_LIBRARIES = YES;
				CODE_SIGN_STYLE = Automatic;
				INFOPLIST_FILE = kursachUITests/Info.plist;
				LD_RUNPATH_SEARCH_PATHS = (
					"$(inherited)",
					"@executable_path/Frameworks",
					"@loader_path/Frameworks",
				);
				PRODUCT_BUNDLE_IDENTIFIER = lss.kursachUITests;
				PRODUCT_NAME = "$(TARGET_NAME)";
				SWIFT_VERSION = 5.0;
				TARGETED_DEVICE_FAMILY = "1,2";
				TEST_TARGET_NAME = kursach;
			};
			name = Debug;
		};
		54087C9D2C1547D2002A0DF3 /* Release */ = {
			isa = XCBuildConfiguration;
			buildSettings = {
				ALWAYS_EMBED_SWIFT_STANDARD_LIBRARIES = YES;
				CODE_SIGN_STYLE = Automatic;
				INFOPLIST_FILE = kursachUITests/Info.plist;
				LD_RUNPATH_SEARCH_PATHS = (
					"$(inherited)",
					"@executable_path/Frameworks",
					"@loader_path/Frameworks",
				);
				PRODUCT_BUNDLE_IDENTIFIER = lss.kursachUITests;
				PRODUCT_NAME = "$(TARGET_NAME)";
				SWIFT_VERSION = 5.0;
				TARGETED_DEVICE_FAMILY = "1,2";
				TEST_TARGET_NAME = kursach;
			};
			name = Release;
		};
/* End XCBuildConfiguration section */

/* Begin XCConfigurationList section */
		54087C6B2C1547D0002A0DF3 /* Build configuration list for PBXProject "kursach" */ = {
			isa = XCConfigurationList;
			buildConfigurations = (
				54087C932C1547D2002A0DF3 /* Debug */,
				54087C942C1547D2002A0DF3 /* Release */,
			);
			defaultConfigurationIsVisible = 0;
			defaultConfigurationName = Release;
		};
		54087C952C1547D2002A0DF3 /* Build configuration list for PBXNativeTarget "kursach" */ = {
			isa = XCConfigurationList;
			buildConfigurations = (
				54087C962C1547D2002A0DF3 /* Debug */,
				54087C972C1547D2002A0DF3 /* Release */,
			);
			defaultConfigurationIsVisible = 0;
			defaultConfigurationName = Release;
		};
		54087C982C1547D2002A0DF3 /* Build configuration list for PBXNativeTarget "kursachTests" */ = {
			isa = XCConfigurationList;
			buildConfigurations = (
				54087C992C1547D2002A0DF3 /* Debug */,
				54087C9A2C1547D2002A0DF3 /* Release */,
			);
			defaultConfigurationIsVisible = 0;
			defaultConfigurationName = Release;
		};
		54087C9B2C1547D2002A0DF3 /* Build configuration list for PBXNativeTarget "kursachUITests" */ = {
			isa = XCConfigurationList;
			buildConfigurations = (
				54087C9C2C1547D2002A0DF3 /* Debug */,
				54087C9D2C1547D2002A0DF3 /* Release */,
			);
			defaultConfigurationIsVisible = 0;
			defaultConfigurationName = Release;
		};
/* End XCConfigurationList section */
	};
	rootObject = 54087C682C1547D0002A0DF3 /* Project object */;
}
